<Solution>
  <Folder Name="/Broker/">
    <Project Path="MQTT.Pubblisher.Imola/MQTT.Pubblisher.Imola.csproj" Id="e91387e6-1a1d-4208-b181-e028444ddc03" />
    <Project Path="MQTT.Publisher/MQTT.Publisher.csproj" />
    <Project Path="MQTT.Sharing/MQTT.Sharing.csproj" />
    <Project Path="MQTT.Subscriber/MQTT.Subscriber.csproj" Id="d1c481de-a0a7-4e97-8a87-d93a7e83f4f2" />
  </Folder>
</Solution>
